{
  "nodes": {
    "crane": {
      "locked": {
        "lastModified": 1767744144,
        "narHash": "sha256-9/9ntI0D+HbN4G0TrK3KmHbTvwgswz7p8IEJsWyef8Q=",
        "owner": "ipetkov",
        "repo": "crane",
        "rev": "2fb033290bf6b23f226d4c8b32f7f7a16b043d7e",
        "type": "github"
      },
      "original": {
        "owner": "ipetkov",
        "repo": "crane",
        "type": "github"
      }
    },
    "flake-parts": {
      "inputs": {
        "nixpkgs-lib": [
          "github-nix-community-neovim-nightly-overlay",
          "nixpkgs"
        ]
      },
      "locked": {
        "lastModified": 1768135262,
        "narHash": "sha256-PVvu7OqHBGWN16zSi6tEmPwwHQ4rLPU9Plvs8/1TUBY=",
        "owner": "hercules-ci",
        "repo": "flake-parts",
        "rev": "80daad04eddbbf5a4d883996a73f3f542fa437ac",
        "type": "github"
      },
      "original": {
        "owner": "hercules-ci",
        "repo": "flake-parts",
        "type": "github"
      }
    },
    "flake-utils": {
      "inputs": {
        "systems": "systems"
      },
      "locked": {
        "lastModified": 1731533236,
        "narHash": "sha256-l0KFg5HjrsfsO/JpG+r7fRrqm12kzFHyUHqHCVpMMbI=",
        "owner": "numtide",
        "repo": "flake-utils",
        "rev": "11707dc2f618dd54ca8739b309ec4fc024de578b",
        "type": "github"
      },
      "original": {
        "owner": "numtide",
        "repo": "flake-utils",
        "type": "github"
      }
    },
    "flake-utils_2": {
      "inputs": {
        "systems": "systems_2"
      },
      "locked": {
        "lastModified": 1731533236,
        "narHash": "sha256-l0KFg5HjrsfsO/JpG+r7fRrqm12kzFHyUHqHCVpMMbI=",
        "owner": "numtide",
        "repo": "flake-utils",
        "rev": "11707dc2f618dd54ca8739b309ec4fc024de578b",
        "type": "github"
      },
      "original": {
        "owner": "numtide",
        "repo": "flake-utils",
        "type": "github"
      }
    },
    "github-max-sixty-worktrunk": {
      "inputs": {
        "crane": "crane",
        "flake-utils": "flake-utils",
        "nixpkgs": "nixpkgs",
        "rust-overlay": "rust-overlay"
      },
      "locked": {
        "lastModified": 1769842450,
        "narHash": "sha256-DyAGYY5d8frRDGSfPwICC0+rX/sL4ywdrBx3twbER2g=",
        "owner": "max-sixty",
        "repo": "worktrunk",
        "rev": "ee54aa6102c92e1e4853e3d1ba0219c538e527f9",
        "type": "github"
      },
      "original": {
        "owner": "max-sixty",
        "repo": "worktrunk",
        "type": "github"
      }
    },
    "github-nix-community-neovim-nightly-overlay": {
      "inputs": {
        "flake-parts": "flake-parts",
        "neovim-src": "neovim-src",
        "nixpkgs": "nixpkgs_2"
      },
      "locked": {
        "lastModified": 1769859512,
        "narHash": "sha256-BsYEI2fTjChvBY0wFsJv5ufv9dQTzsgsxEtQ4zx4NNo=",
        "owner": "nix-community",
        "repo": "neovim-nightly-overlay",
        "rev": "acf33ca3afe3fe6f205c1718115dff27907d3258",
        "type": "github"
      },
      "original": {
        "owner": "nix-community",
        "repo": "neovim-nightly-overlay",
        "type": "github"
      }
    },
    "gke-gcloud-auth-plugin": {
      "inputs": {
        "flake-utils": "flake-utils_2",
        "nixpkgs": "nixpkgs_3"
      },
      "locked": {
        "path": "./packages/gke-gcloud-auth-plugin",
        "type": "path"
      },
      "original": {
        "path": "./packages/gke-gcloud-auth-plugin",
        "type": "path"
      },
      "parent": []
    },
    "neovim-src": {
      "flake": false,
      "locked": {
        "lastModified": 1769793768,
        "narHash": "sha256-jUfWCAZYosw51HBzOrlgmRMFENDMLHHvgM7N4SYaSPw=",
        "owner": "neovim",
        "repo": "neovim",
        "rev": "ed4c549ea2436b820860c3453d348c84d441de9b",
        "type": "github"
      },
      "original": {
        "owner": "neovim",
        "repo": "neovim",
        "type": "github"
      }
    },
    "nixpkgs": {
      "locked": {
        "lastModified": 1767892417,
        "narHash": "sha256-dhhvQY67aboBk8b0/u0XB6vwHdgbROZT3fJAjyNh5Ww=",
        "owner": "NixOS",
        "repo": "nixpkgs",
        "rev": "3497aa5c9457a9d88d71fa93a4a8368816fbeeba",
        "type": "github"
      },
      "original": {
        "owner": "NixOS",
        "ref": "nixos-unstable",
        "repo": "nixpkgs",
        "type": "github"
      }
    },
    "nixpkgs-a1bab9e4": {
      "locked": {
        "lastModified": 1769188852,
        "narHash": "sha256-aBAGyMum27K7cP5OR7BMioJOF3icquJMZDDgk6ZEg1A=",
        "owner": "NixOS",
        "repo": "nixpkgs",
        "rev": "a1bab9e494f5f4939442a57a58d0449a109593fe",
        "type": "github"
      },
      "original": {
        "owner": "NixOS",
        "repo": "nixpkgs",
        "rev": "a1bab9e494f5f4939442a57a58d0449a109593fe",
        "type": "github"
      }
    },
    "nixpkgs-bce5fe2b": {
      "locked": {
        "lastModified": 1759826507,
        "narHash": "sha256-vwXL9H5zDHEQA0oFpww2one0/hkwnPAjc47LRph6d0I=",
        "owner": "NixOS",
        "repo": "nixpkgs",
        "rev": "bce5fe2bb998488d8e7e7856315f90496723793c",
        "type": "github"
      },
      "original": {
        "owner": "NixOS",
        "repo": "nixpkgs",
        "rev": "bce5fe2bb998488d8e7e7856315f90496723793c",
        "type": "github"
      }
    },
    "nixpkgs_2": {
      "locked": {
        "lastModified": 1769740369,
        "narHash": "sha256-xKPyJoMoXfXpDM5DFDZDsi9PHArf2k5BJjvReYXoFpM=",
        "owner": "NixOS",
        "repo": "nixpkgs",
        "rev": "6308c3b21396534d8aaeac46179c14c439a89b8a",
        "type": "github"
      },
      "original": {
        "owner": "NixOS",
        "ref": "nixpkgs-unstable",
        "repo": "nixpkgs",
        "type": "github"
      }
    },
    "nixpkgs_3": {
      "locked": {
        "lastModified": 1769461804,
        "narHash": "sha256-msG8SU5WsBUfVVa/9RPLaymvi5bI8edTavbIq3vRlhI=",
        "owner": "NixOS",
        "repo": "nixpkgs",
        "rev": "bfc1b8a4574108ceef22f02bafcf6611380c100d",
        "type": "github"
      },
      "original": {
        "owner": "NixOS",
        "ref": "nixos-unstable",
        "repo": "nixpkgs",
        "type": "github"
      }
    },
    "nixpkgs_4": {
      "locked": {
        "lastModified": 1769461804,
        "narHash": "sha256-msG8SU5WsBUfVVa/9RPLaymvi5bI8edTavbIq3vRlhI=",
        "owner": "NixOS",
        "repo": "nixpkgs",
        "rev": "bfc1b8a4574108ceef22f02bafcf6611380c100d",
        "type": "github"
      },
      "original": {
        "owner": "NixOS",
        "ref": "nixos-unstable",
        "repo": "nixpkgs",
        "type": "github"
      }
    },
    "root": {
      "inputs": {
        "github-max-sixty-worktrunk": "github-max-sixty-worktrunk",
        "github-nix-community-neovim-nightly-overlay": "github-nix-community-neovim-nightly-overlay",
        "gke-gcloud-auth-plugin": "gke-gcloud-auth-plugin",
        "nixpkgs": "nixpkgs_4",
        "nixpkgs-a1bab9e4": "nixpkgs-a1bab9e4",
        "nixpkgs-bce5fe2b": "nixpkgs-bce5fe2b"
      }
    },
    "rust-overlay": {
      "inputs": {
        "nixpkgs": [
          "github-max-sixty-worktrunk",
          "nixpkgs"
        ]
      },
      "locked": {
        "lastModified": 1767926800,
        "narHash": "sha256-x0n73J6ufD/EhDlVdcoAmF0OQHZ+b0a2cKDc8RZyt+o=",
        "owner": "oxalica",
        "repo": "rust-overlay",
        "rev": "499e9eed88ff9494b6604205b42847e847dfeb91",
        "type": "github"
      },
      "original": {
        "owner": "oxalica",
        "repo": "rust-overlay",
        "type": "github"
      }
    },
    "systems": {
      "locked": {
        "lastModified": 1681028828,
        "narHash": "sha256-Vy1rq5AaRuLzOxct8nz4T6wlgyUR7zLU309k9mBC768=",
        "owner": "nix-systems",
        "repo": "default",
        "rev": "da67096a3b9bf56a91d16901293e51ba5b49a27e",
        "type": "github"
      },
      "original": {
        "owner": "nix-systems",
        "repo": "default",
        "type": "github"
      }
    },
    "systems_2": {
      "locked": {
        "lastModified": 1681028828,
        "narHash": "sha256-Vy1rq5AaRuLzOxct8nz4T6wlgyUR7zLU309k9mBC768=",
        "owner": "nix-systems",
        "repo": "default",
        "rev": "da67096a3b9bf56a91d16901293e51ba5b49a27e",
        "type": "github"
      },
      "original": {
        "owner": "nix-systems",
        "repo": "default",
        "type": "github"
      }
    }
  },
  "root": "root",
  "version": 7
}
